
Microsoft Visual Studio Solution File, Format Version 12.00
# Visual Studio Version 17
VisualStudioVersion = 17.5.33414.496
MinimumVisualStudioVersion = 10.0.40219.1
Project("{FAE04EC0-301F-11D3-BF4B-00C04F79EFBC}") = "StudentInformationSystemWebApp", "StudentInformationSystemWebApp\StudentInformationSystemWebApp.csproj", "{AE7CABA0-8CB5-44C9-9BFF-951BF9D35284}"
EndProject
Global
	GlobalSection(SolutionConfigurationPlatforms) = preSolution
		Debug|Any CPU = Debug|Any CPU
		Release|Any CPU = Release|Any CPU
	EndGlobalSection
	GlobalSection(ProjectConfigurationPlatforms) = postSolution
		{AE7CABA0-8CB5-44C9-9BFF-951BF9D35284}.Debug|Any CPU.ActiveCfg = Debug|Any CPU
		{AE7CABA0-8CB5-44C9-9BFF-951BF9D35284}.Debug|Any CPU.Build.0 = Debug|Any CPU
		{AE7CABA0-8CB5-44C9-9BFF-951BF9D35284}.Release|Any CPU.ActiveCfg = Release|Any CPU
		{AE7CABA0-8CB5-44C9-9BFF-951BF9D35284}.Release|Any CPU.Build.0 = Release|Any CPU
	EndGlobalSection
	GlobalSection(SolutionProperties) = preSolution
		HideSolutionNode = FALSE
	EndGlobalSection
	GlobalSection(ExtensibilityGlobals) = postSolution
		SolutionGuid = {12AFB2B3-8A71-4C9B-8C61-008B07FB392D}
	EndGlobalSection
EndGlobal
